
Microsoft Visual Studio Solution File, Format Version 12.00
# Visual Studio Version 16
VisualStudioVersion = 16.0.31624.102
MinimumVisualStudioVersion = 10.0.40219.1
Project("{FAE04EC0-301F-11D3-BF4B-00C04F79EFBC}") = "Lab01_KolisnichenkoMaksym", "Lab01_KolisnichenkoMaksym\Lab01_KolisnichenkoMaksym.csproj", "{242C6D6D-A801-4F42-9461-F841789B598E}"
EndProject
Global
	GlobalSection(SolutionConfigurationPlatforms) = preSolution
		Debug|Any CPU = Debug|Any CPU
		Release|Any CPU = Release|Any CPU
	EndGlobalSection
	GlobalSection(ProjectConfigurationPlatforms) = postSolution
		{242C6D6D-A801-4F42-9461-F841789B598E}.Debug|Any CPU.ActiveCfg = Debug|Any CPU
		{242C6D6D-A801-4F42-9461-F841789B598E}.Debug|Any CPU.Build.0 = Debug|Any CPU
		{242C6D6D-A801-4F42-9461-F841789B598E}.Release|Any CPU.ActiveCfg = Release|Any CPU
		{242C6D6D-A801-4F42-9461-F841789B598E}.Release|Any CPU.Build.0 = Release|Any CPU
	EndGlobalSection
	GlobalSection(SolutionProperties) = preSolution
		HideSolutionNode = FALSE
	EndGlobalSection
	GlobalSection(ExtensibilityGlobals) = postSolution
		SolutionGuid = {FEA0FE8B-E1F2-4997-8B7B-E215591C6DC4}
	EndGlobalSection
EndGlobal
